name: update-flake-lock
on:
  workflow_dispatch: # allows manual triggering
  schedule:
    - cron: "30 3 * * 1" # runs weekly on Sunday at 00:00

jobs:
  lockfile:
    runs-on: ubuntu-latest
    steps:
      - name: Checkout repository
        uses: actions/checkout@v5
      - name: Install Determinate Nix
        uses: DeterminateSystems/determinate-nix-action@v3
      - name: Update flake.lock
        uses: DeterminateSystems/update-flake-lock@main
        with:
          token: ${{ secrets.GH_TOKEN_FOR_UPDATES }}
          pr-title: "Update flake.lock"
          pr-labels: |
            dependencies
            automated
