name: update-flake-lock
on:
  workflow_dispatch: # allows manual triggering
  schedule:
    - cron: "30 3 * * 1" # runs weekly on Sunday at 00:00

jobs:
  lockfile:
    runs-on: ubuntu-latest
    steps:
      - name: Checkout repository
        uses: actions/checkout@v4
      - uses: DeterminateSystems/nix-installer-action@main
      - uses: DeterminateSystems/magic-nix-cache-action@main
      - name: Update flake.lock
        uses: DeterminateSystems/update-flake-lock@v24
        with:
          pr-title: "Update flake.lock"
          pr-labels: |
            dependencies
            automated
